
Microsoft Visual Studio Solution File, Format Version 12.00
# Visual Studio Version 17
VisualStudioVersion = 17.3.32929.385
MinimumVisualStudioVersion = 10.0.40219.1
Project("{FAE04EC0-301F-11D3-BF4B-00C04F79EFBC}") = "MyWebApi", "MyWebApi\MyWebApi.csproj", "{D1452B8B-4FE5-40C9-93B0-438A3BBECA82}"
EndProject
Global
	GlobalSection(SolutionConfigurationPlatforms) = preSolution
		Debug|Any CPU = Debug|Any CPU
		Release|Any CPU = Release|Any CPU
	EndGlobalSection
	GlobalSection(ProjectConfigurationPlatforms) = postSolution
		{D1452B8B-4FE5-40C9-93B0-438A3BBECA82}.Debug|Any CPU.ActiveCfg = Debug|Any CPU
		{D1452B8B-4FE5-40C9-93B0-438A3BBECA82}.Debug|Any CPU.Build.0 = Debug|Any CPU
		{D1452B8B-4FE5-40C9-93B0-438A3BBECA82}.Release|Any CPU.ActiveCfg = Release|Any CPU
		{D1452B8B-4FE5-40C9-93B0-438A3BBECA82}.Release|Any CPU.Build.0 = Release|Any CPU
	EndGlobalSection
	GlobalSection(SolutionProperties) = preSolution
		HideSolutionNode = FALSE
	EndGlobalSection
	GlobalSection(ExtensibilityGlobals) = postSolution
		SolutionGuid = {879B2079-EB1D-47C4-AAAF-BDC8BA81D48C}
	EndGlobalSection
EndGlobal
